
Microsoft Visual Studio Solution File, Format Version 12.00
# Visual Studio Version 16
VisualStudioVersion = 16.0.30907.101
MinimumVisualStudioVersion = 10.0.40219.1
Project("{FAE04EC0-301F-11D3-BF4B-00C04F79EFBC}") = "DataAccess", "DataAccess\DataAccess.csproj", "{5D91ECB5-B985-4F7D-9BEF-992BF7C96F75}"
EndProject
Project("{FAE04EC0-301F-11D3-BF4B-00C04F79EFBC}") = "Business", "Business\Business.csproj", "{1A959977-B313-4AA9-8EEA-97C6EDA865DE}"
EndProject
Project("{FAE04EC0-301F-11D3-BF4B-00C04F79EFBC}") = "Entities", "Entities\Entities.csproj", "{5045D248-20E1-40EB-A6D6-EB60B75059DA}"
EndProject
Project("{FAE04EC0-301F-11D3-BF4B-00C04F79EFBC}") = "ConsoleUI", "ConsoleUI\ConsoleUI.csproj", "{F21729DD-E514-4C7C-A30B-5608D6AC7612}"
EndProject
Global
	GlobalSection(SolutionConfigurationPlatforms) = preSolution
		Debug|Any CPU = Debug|Any CPU
		Release|Any CPU = Release|Any CPU
	EndGlobalSection
	GlobalSection(ProjectConfigurationPlatforms) = postSolution
		{5D91ECB5-B985-4F7D-9BEF-992BF7C96F75}.Debug|Any CPU.ActiveCfg = Debug|Any CPU
		{5D91ECB5-B985-4F7D-9BEF-992BF7C96F75}.Debug|Any CPU.Build.0 = Debug|Any CPU
		{5D91ECB5-B985-4F7D-9BEF-992BF7C96F75}.Release|Any CPU.ActiveCfg = Release|Any CPU
		{5D91ECB5-B985-4F7D-9BEF-992BF7C96F75}.Release|Any CPU.Build.0 = Release|Any CPU
		{1A959977-B313-4AA9-8EEA-97C6EDA865DE}.Debug|Any CPU.ActiveCfg = Debug|Any CPU
		{1A959977-B313-4AA9-8EEA-97C6EDA865DE}.Debug|Any CPU.Build.0 = Debug|Any CPU
		{1A959977-B313-4AA9-8EEA-97C6EDA865DE}.Release|Any CPU.ActiveCfg = Release|Any CPU
		{1A959977-B313-4AA9-8EEA-97C6EDA865DE}.Release|Any CPU.Build.0 = Release|Any CPU
		{5045D248-20E1-40EB-A6D6-EB60B75059DA}.Debug|Any CPU.ActiveCfg = Debug|Any CPU
		{5045D248-20E1-40EB-A6D6-EB60B75059DA}.Debug|Any CPU.Build.0 = Debug|Any CPU
		{5045D248-20E1-40EB-A6D6-EB60B75059DA}.Release|Any CPU.ActiveCfg = Release|Any CPU
		{5045D248-20E1-40EB-A6D6-EB60B75059DA}.Release|Any CPU.Build.0 = Release|Any CPU
		{F21729DD-E514-4C7C-A30B-5608D6AC7612}.Debug|Any CPU.ActiveCfg = Debug|Any CPU
		{F21729DD-E514-4C7C-A30B-5608D6AC7612}.Debug|Any CPU.Build.0 = Debug|Any CPU
		{F21729DD-E514-4C7C-A30B-5608D6AC7612}.Release|Any CPU.ActiveCfg = Release|Any CPU
		{F21729DD-E514-4C7C-A30B-5608D6AC7612}.Release|Any CPU.Build.0 = Release|Any CPU
	EndGlobalSection
	GlobalSection(SolutionProperties) = preSolution
		HideSolutionNode = FALSE
	EndGlobalSection
	GlobalSection(ExtensibilityGlobals) = postSolution
		SolutionGuid = {CE1CB309-D0F1-4847-BC8B-178850CA7227}
	EndGlobalSection
EndGlobal
